
Microsoft Visual Studio Solution File, Format Version 12.00
Project("{FAE04EC0-301F-11D3-BF4B-00C04F79EFBC}") = "Bot", "src\Bot\Bot.csproj", "{0B6554E9-59EC-4F53-88C2-6F192E8A04E6}"
EndProject
Project("{2150E333-8FDC-42A3-9474-1A3956D46DE8}") = "Solution Items", "Solution Items", "{9325722B-8F26-4705-AFAB-10298EFD2646}"
	ProjectSection(SolutionItems) = preProject
		README.MD = README.MD
	EndProjectSection
EndProject
Project("{FAE04EC0-301F-11D3-BF4B-00C04F79EFBC}") = "Core", "src\Core\Core.csproj", "{040D9B42-B4A8-4BE8-BD08-AF4F3449793C}"
EndProject
Project("{2150E333-8FDC-42A3-9474-1A3956D46DE8}") = "Tests", "Tests", "{D94A47E9-F24E-4198-8BF6-4D0A2E7A8209}"
EndProject
Project("{FAE04EC0-301F-11D3-BF4B-00C04F79EFBC}") = "Bot.Tests", "tests\Bot.Tests\Bot.Tests.csproj", "{68A5A3B1-13A1-472B-BEEA-8642CEFE358C}"
EndProject
Project("{FAE04EC0-301F-11D3-BF4B-00C04F79EFBC}") = "Core.Tests", "tests\Core.Tests\Core.Tests.csproj", "{D440DC78-FC45-48EA-B313-90FAD5CD072F}"
EndProject
Global
	GlobalSection(SolutionConfigurationPlatforms) = preSolution
		Debug|Any CPU = Debug|Any CPU
		Release|Any CPU = Release|Any CPU
	EndGlobalSection
	GlobalSection(ProjectConfigurationPlatforms) = postSolution
		{0B6554E9-59EC-4F53-88C2-6F192E8A04E6}.Debug|Any CPU.ActiveCfg = Debug|Any CPU
		{0B6554E9-59EC-4F53-88C2-6F192E8A04E6}.Debug|Any CPU.Build.0 = Debug|Any CPU
		{0B6554E9-59EC-4F53-88C2-6F192E8A04E6}.Release|Any CPU.ActiveCfg = Release|Any CPU
		{0B6554E9-59EC-4F53-88C2-6F192E8A04E6}.Release|Any CPU.Build.0 = Release|Any CPU
		{040D9B42-B4A8-4BE8-BD08-AF4F3449793C}.Debug|Any CPU.ActiveCfg = Debug|Any CPU
		{040D9B42-B4A8-4BE8-BD08-AF4F3449793C}.Debug|Any CPU.Build.0 = Debug|Any CPU
		{040D9B42-B4A8-4BE8-BD08-AF4F3449793C}.Release|Any CPU.ActiveCfg = Release|Any CPU
		{040D9B42-B4A8-4BE8-BD08-AF4F3449793C}.Release|Any CPU.Build.0 = Release|Any CPU
		{68A5A3B1-13A1-472B-BEEA-8642CEFE358C}.Debug|Any CPU.ActiveCfg = Debug|Any CPU
		{68A5A3B1-13A1-472B-BEEA-8642CEFE358C}.Debug|Any CPU.Build.0 = Debug|Any CPU
		{68A5A3B1-13A1-472B-BEEA-8642CEFE358C}.Release|Any CPU.ActiveCfg = Release|Any CPU
		{68A5A3B1-13A1-472B-BEEA-8642CEFE358C}.Release|Any CPU.Build.0 = Release|Any CPU
		{D440DC78-FC45-48EA-B313-90FAD5CD072F}.Debug|Any CPU.ActiveCfg = Debug|Any CPU
		{D440DC78-FC45-48EA-B313-90FAD5CD072F}.Debug|Any CPU.Build.0 = Debug|Any CPU
		{D440DC78-FC45-48EA-B313-90FAD5CD072F}.Release|Any CPU.ActiveCfg = Release|Any CPU
		{D440DC78-FC45-48EA-B313-90FAD5CD072F}.Release|Any CPU.Build.0 = Release|Any CPU
	EndGlobalSection
	GlobalSection(NestedProjects) = preSolution
		{68A5A3B1-13A1-472B-BEEA-8642CEFE358C} = {D94A47E9-F24E-4198-8BF6-4D0A2E7A8209}
		{D440DC78-FC45-48EA-B313-90FAD5CD072F} = {D94A47E9-F24E-4198-8BF6-4D0A2E7A8209}
	EndGlobalSection
EndGlobal
